PODS:
  - boost (1.51.0):
    - boost/graph-includes (= 1.51.0)
    - boost/math-includes (= 1.51.0)
    - boost/numeric-includes (= 1.51.0)
    - boost/pointer_cast-includes (= 1.51.0)
    - boost/preprocessor-includes (= 1.51.0)
    - boost/shared_ptr-includes (= 1.51.0)
    - boost/string_algorithms-includes (= 1.51.0)
  - boost/graph-includes (1.51.0)
  - boost/math-includes (1.51.0)
  - boost/numeric-includes (1.51.0)
  - boost/pointer_cast-includes (1.51.0)
  - boost/preprocessor-includes (1.51.0)
  - boost/shared_ptr-includes (1.51.0)
  - boost/string_algorithms-includes (1.51.0)
  - glm (0.9.7.1)
  - IHKeyboardAvoiding (2.6)
  - Socket.IO-Client-Swift (6.1.4)
  - UriParser-cpp (0.1.3)
  - VideoCore/Swift (0.3.2):
    - boost (~> 1.51.0)
    - glm (~> 0.9.7.1)
    - UriParser-cpp (~> 0.1.3)

DEPENDENCIES:
  - glm (from `https://github.com/maxcampolo/glm.git`)
  - IHKeyboardAvoiding
  - Socket.IO-Client-Swift
  - VideoCore/Swift (from `https://github.com/maxcampolo/VideoCore.git`, branch `update_headers`)

EXTERNAL SOURCES:
  glm:
    :git: https://github.com/maxcampolo/glm.git
  VideoCore:
    :branch: update_headers
    :git: https://github.com/maxcampolo/VideoCore.git

CHECKOUT OPTIONS:
  glm:
    :commit: 2cfe1129de430e4b23e811c5e0800989283af224
    :git: https://github.com/maxcampolo/glm.git
  VideoCore:
    :commit: 44d54cc477fc1aee3c9b498363d1b2937e97d69b
    :git: https://github.com/maxcampolo/VideoCore.git

SPEC CHECKSUMS:
  boost: 6c5c8d8daef26ac83c1e1c00ad14de62b80161d7
  glm: e83c95e7a6359bdaeb23e6089ac826dd62c5c09f
  IHKeyboardAvoiding: d2541ee56dad83e160cd9aed0468c52247af6f49
  Socket.IO-Client-Swift: 79dfbbe170d7816c84e2d3cc2baa3d227549e067
  UriParser-cpp: cbbe00080ee432ec4833dca863a7fc83adc9b01a
  VideoCore: 5d8ea99d900089ee016bb87485912b0286e07650

COCOAPODS: 0.39.0
